
Microsoft Visual Studio Solution File, Format Version 12.00
# Visual Studio 15
VisualStudioVersion = 15.0.28307.489
MinimumVisualStudioVersion = 10.0.40219.1
Project("{FAE04EC0-301F-11D3-BF4B-00C04F79EFBC}") = "VectorEditor", "VectorEditor\VectorEditor.csproj", "{24E6DAB2-C572-484D-9B50-B97FA474606B}"
EndProject
Global
	GlobalSection(SolutionConfigurationPlatforms) = preSolution
		Debug|Any CPU = Debug|Any CPU
		Release|Any CPU = Release|Any CPU
	EndGlobalSection
	GlobalSection(ProjectConfigurationPlatforms) = postSolution
		{24E6DAB2-C572-484D-9B50-B97FA474606B}.Debug|Any CPU.ActiveCfg = Debug|Any CPU
		{24E6DAB2-C572-484D-9B50-B97FA474606B}.Debug|Any CPU.Build.0 = Debug|Any CPU
		{24E6DAB2-C572-484D-9B50-B97FA474606B}.Release|Any CPU.ActiveCfg = Release|Any CPU
		{24E6DAB2-C572-484D-9B50-B97FA474606B}.Release|Any CPU.Build.0 = Release|Any CPU
	EndGlobalSection
	GlobalSection(SolutionProperties) = preSolution
		HideSolutionNode = FALSE
	EndGlobalSection
	GlobalSection(ExtensibilityGlobals) = postSolution
		SolutionGuid = {425C5C35-50CF-4F91-8B91-7288D2B891CC}
	EndGlobalSection
EndGlobal
